cel.dev/expr v0.15.0/go.mod h1:TRSuuV7DlVCE/uwv5QbAiW/v8l5O8C4eEPHeu7gf7Sg=
cloud.google.com/go v0.115.0/go.mod h1:8jIM5vVgoAEoiVxQ/O4BFTfHqulPZgs/ufEzMcFMdWU=
cloud.google.com/go/accessapproval v1.7.9/go.mod h1:teNI+P/xzZ3dppGXEYFvSmuOvmTjLE9toPq21WHssYc=
cloud.google.com/go/accesscontextmanager v1.8.9/go.mod h1:IXvQesVgOC7aXgK9OpYFn5eWnzz8fazegIiJ5WnCOVw=
cloud.google.com/go/aiplatform v1.68.0/go.mod h1:105MFA3svHjC3Oazl7yjXAmIR89LKhRAeNdnDKJczME=
cloud.google.com/go/analytics v0.23.4/go.mod h1:1iTnQMOr6zRdkecW+gkxJpwV0Q/djEIII3YlXmyf7UY=
cloud.google.com/go/apigateway v1.6.9/go.mod h1:YE9XDTFwq859O6TpZNtatBMDWnMRZOiTVF+Ru3oCBeY=
cloud.google.com/go/apigeeconnect v1.6.9/go.mod h1:tl53uGgVG1A00qK1dF6wGIji0CQIMrLdNccJ6+R221U=
cloud.google.com/go/apigeeregistry v0.8.7/go.mod h1:Jge1HQaIkNU8JYSDY7l5SveeSKvGPvtLjzNjLU2+0N8=
cloud.google.com/go/appengine v1.8.9/go.mod h1:sw8T321TAto/u6tMinv3AV63olGH/hw7RhG4ZgNhqFs=
cloud.google.com/go/area120 v0.8.9/go.mod h1:epLvbmajRp919r1LGdvS1zgcHJt/1MTQJJ9+r0/NBQc=
cloud.google.com/go/artifactregistry v1.14.11/go.mod h1:ahyKXer42EOIddYzk2zYfvZnByGPdAYhXqBbRBsGizE=
cloud.google.com/go/asset v1.19.3/go.mod h1:1j8NNcHsbSE/KeHMZrizPIS6c8nm0WjEAPoFXzXNCj4=
cloud.google.com/go/assuredworkloads v1.11.9/go.mod h1:uZ6+WHiT4iGn1iM1wk5njKnKJWiM3v/aYhDoCoHxs1w=
cloud.google.com/go/automl v1.13.9/go.mod h1:KECCWW2AFsRuEVxUJEIXxcm3yPLf1rxS+qsBamyacMc=
cloud.google.com/go/baremetalsolution v1.2.8/go.mod h1:Ai8ENs7ADMYWQ45DtfygUc6WblhShfi3kNPvuGv8/ok=
cloud.google.com/go/batch v1.9.0/go.mod h1:VhRaG/bX2EmeaPSHvtptP5OAhgYuTrvtTAulKM68oiI=
cloud.google.com/go/beyondcorp v1.0.8/go.mod h1:2WaEvUnw+1ZIUNu227h71X/Q8ypcWWowii9TQ4xlfo0=
cloud.google.com/go/bigquery v1.61.0/go.mod h1:PjZUje0IocbuTOdq4DBOJLNYB0WF3pAKBHzAYyxCwFo=
cloud.google.com/go/billing v1.18.7/go.mod h1:RreCBJPmaN/lzCz/2Xl1hA+OzWGqrzDsax4Qjjp0CbA=
cloud.google.com/go/binaryauthorization v1.8.5/go.mod h1:2npTMgNJPsmUg0jfmDDORuqBkTPEW6ZSTHXzfxTvN1M=
cloud.google.com/go/certificatemanager v1.8.3/go.mod h1:QS0jxTu5wgEbzaYgGs/GBYKvVgAgc9jnYaaTFH8jRtE=
cloud.google.com/go/channel v1.17.9/go.mod h1:h9emIJm+06sK1FxqC3etsWdG87tg92T24wimlJs6lhY=
cloud.google.com/go/cloudbuild v1.16.3/go.mod h1:KJYZAwTUaDKDdEHwLj/EmnpmwLkMuq+fGnBEHA1LlE4=
cloud.google.com/go/clouddms v1.7.8/go.mod h1:KQpBMxH99ZTPK4LgXkYUntzRQ5hcNkjpGRbNSRzW9Nk=
cloud.google.com/go/cloudtasks v1.12.10/go.mod h1:OHJzRAdE+7H00cdsINhb21ugVLDgk3Uh4r0holCB5XQ=
cloud.google.com/go/compute v1.27.2/go.mod h1:YQuHkNEwP3bIz4LBYQqf4DIMfFtTDtnEgnwG0mJQQ9I=
cloud.google.com/go/compute/metadata v0.3.0/go.mod h1:zFmK7XCadkQkj6TtorcaGlCW1hT1fIilQDwofLpJ20k=
cloud.google.com/go/contactcenterinsights v1.13.4/go.mod h1:6OWSyQxeaQRxhkyMhtE+RFOOlsMcKOTukv8nnjxbNCQ=
cloud.google.com/go/container v1.37.2/go.mod h1:2ly7zpBmWtYjjuoB3fHyq8Gqrxaj2NIwzwVRpUcKYXk=
cloud.google.com/go/containeranalysis v0.11.8/go.mod h1:2ru4oxs6dCcaG3ZsmKAy4yMmG68ukOuS/IRCMEHYpLo=
cloud.google.com/go/datacatalog v1.20.3/go.mod h1:AKC6vAy5urnMg5eJK3oUjy8oa5zMbiY33h125l8lmlo=
cloud.google.com/go/dataflow v0.9.9/go.mod h1:Wk/92E1BvhV7qs/dWb+3dN26uGgyp/H1Jr5ZJxeD3dw=
cloud.google.com/go/dataform v0.9.6/go.mod h1:JKDPMfcYMu9oUMubIvvAGWTBX0sw4o/JIjCcczzbHmk=
cloud.google.com/go/datafusion v1.7.9/go.mod h1:ciYV8FL0JmrwgoJ7CH64oUHiI0oOf2VLE45LWKT51Ls=
cloud.google.com/go/datalabeling v0.8.9/go.mod h1:61QutR66VZFgN8boHhl4/FTfxenNzihykv18BgxwSrg=
cloud.google.com/go/dataplex v1.18.0/go.mod h1:THLDVG07lcY1NgqVvjTV1mvec+rFHwpDwvSd+196MMc=
cloud.google.com/go/dataproc/v2 v2.5.1/go.mod h1:5s2CuQyTPX7e19ZRMLicfPFNgXrvsVct3xz94UvWFeQ=
cloud.google.com/go/dataqna v0.8.9/go.mod h1:wrw1SL/zLRlVgf0d8P0ZBJ2hhGaLbwoNRsW6m1mn64g=
cloud.google.com/go/datastore v1.17.1/go.mod h1:mtzZ2HcVtz90OVrEXXGDc2pO4NM1kiBQy8YV4qGe0ZM=
cloud.google.com/go/datastream v1.10.8/go.mod h1:6nkPjnk5Qr602Wq+YQ+/RWUOX5h4voMTz5abgEOYPCM=
cloud.google.com/go/deploy v1.19.2/go.mod h1:i6zfU9FZkqFgWIvO2/gsodGU9qF4tF9mBgoMdfnf6as=
cloud.google.com/go/dialogflow v1.54.2/go.mod h1:avkFNYog+U127jKpGzW1FOllBwZy3OfCz1K1eE9RGh8=
cloud.google.com/go/dlp v1.14.2/go.mod h1:+uwRt+6wZ3PL0wsmZ1cUAj0Mt9kyeV3WcIKPW03wJVU=
cloud.google.com/go/documentai v1.30.3/go.mod h1:aMxiOouLr36hyahLhI3OwAcsy7plOTiXR/RmK+MHbSg=
cloud.google.com/go/domains v0.9.9/go.mod h1:/ewEPIaNmTrElY7u9BZPcLPnoP1NJJXGvISDDapwVNU=
cloud.google.com/go/edgecontainer v1.2.3/go.mod h1:gMKe2JfE0OT0WuCJArzIndAmMWDPCIYGSWYIpJ6M7oM=
cloud.google.com/go/errorreporting v0.3.1/go.mod h1:6xVQXU1UuntfAf+bVkFk6nld41+CPyF2NSPCyXE3Ztk=
cloud.google.com/go/essentialcontacts v1.6.10/go.mod h1:wQlXvEb/0hB0C0d4H6/90P8CiZcYewkvJ3VoUVFPi4E=
cloud.google.com/go/eventarc v1.13.8/go.mod h1:Xq3SsMoOAn7RmacXgJO7kq818iRLFF0bVhH780qlmTs=
cloud.google.com/go/filestore v1.8.5/go.mod h1:o8KvHyl5V30kIdrPX6hE+RknscXCUFXWSxYsEWeFfRU=
cloud.google.com/go/firestore v1.15.0/go.mod h1:GWOxFXcv8GZUtYpWHw/w6IuYNux/BtmeVTMmjrm4yhk=
cloud.google.com/go/functions v1.16.4/go.mod h1:uDp5MbH0kCtXe3uBluq3Zi7bEDuHqcn60mAHxUsNezI=
cloud.google.com/go/gkebackup v1.5.2/go.mod h1:ZuWJKacdXtjiO8ry9RrdT57gvcsU7c7/FTqqwjdNUjk=
cloud.google.com/go/gkeconnect v0.8.9/go.mod h1:gl758q5FLXewQZIsxQ7vHyYmLcGBuubvQO6J3yFDh08=
cloud.google.com/go/gkehub v0.14.9/go.mod h1:W2rDU2n2xgMpf3/BqpT6ffUX/I8yez87rrW/iGRz6Kk=
cloud.google.com/go/gkemulticloud v1.2.2/go.mod h1:VMsMYDKpUVYNrhese31TVJMVXPLEtFT/AnIarqlcwVo=
cloud.google.com/go/gsuiteaddons v1.6.9/go.mod h1:qITZZoLzQhMQ6Re+izKEvz4C+M1AP13S+XuEpS26824=
cloud.google.com/go/iam v1.1.10/go.mod h1:iEgMq62sg8zx446GCaijmA2Miwg5o3UbO+nI47WHJps=
cloud.google.com/go/iap v1.9.8/go.mod h1:jQzSbtpYRbBoMdOINr/OqUxBY9rhyqLx04utTCmJ6oo=
cloud.google.com/go/ids v1.4.9/go.mod h1:1pL+mhlvtUNphwBSK91yO8NoTVQYwOpqim1anIVBwbM=
cloud.google.com/go/iot v1.7.9/go.mod h1:1fi6x4CexbygNgRPn+tcxCjOZFTl+4G6Adbo6sLPR7c=
cloud.google.com/go/kms v1.18.2/go.mod h1:YFz1LYrnGsXARuRePL729oINmN5J/5e7nYijgvfiIeY=
cloud.google.com/go/language v1.12.7/go.mod h1:4s/11zABvI/gv+li/+ICe+cErIaN9hYmilf9wrc5Py0=
cloud.google.com/go/lifesciences v0.9.9/go.mod h1:4c8eLVKz7/FPw6lvoHx2/JQX1rVM8+LlYmBp8h5H3MQ=
cloud.google.com/go/logging v1.10.0/go.mod h1:EHOwcxlltJrYGqMGfghSet736KR3hX1MAj614mrMk9I=
cloud.google.com/go/longrunning v0.5.9/go.mod h1:HD+0l9/OOW0za6UWdKJtXoFAX/BGg/3Wj8p10NeWF7c=
cloud.google.com/go/managedidentities v1.6.9/go.mod h1:R7+78iH2j/SCTInutWINxGxEY0PH5rpbWt6uRq0Tn+Y=
cloud.google.com/go/maps v1.11.3/go.mod h1:4iKNrUzFISQ4RoiWCqIFEAAVtgKb2oQ09AVx8GheOUg=
cloud.google.com/go/mediatranslation v0.8.9/go.mod h1:3MjXTUsEzrMC9My6e9o7TOmgIUGlyrkVAxjzcmxBUdU=
cloud.google.com/go/memcache v1.10.9/go.mod h1:06evGxt9E1Mf/tYsXJNdXuRj5qzspVd0Tt18kXYDD5c=
cloud.google.com/go/metastore v1.13.8/go.mod h1:2uLJBAXn5EDYJx9r7mZtxZifCKpakZUCvNfzI7ejUiE=
cloud.google.com/go/monitoring v1.20.1/go.mod h1:FYSe/brgfuaXiEzOQFhTjsEsJv+WePyK71X7Y8qo6uQ=
cloud.google.com/go/networkconnectivity v1.14.8/go.mod h1:QQ/XTMk7U5fzv1cVNUCQJEjpkVEE+nYOK7mg3hVTuiI=
cloud.google.com/go/networkmanagement v1.13.4/go.mod h1:dGTeJfDPQv0yGDt6gncj4XAPwxktjpCn5ZxQajStW8g=
cloud.google.com/go/networksecurity v0.9.9/go.mod h1:aLS+6sLeZkMhLx9ntTMJG4qWHdvDPctqMOb6ggz9m5s=
cloud.google.com/go/notebooks v1.11.7/go.mod h1:lTjloYceMboZanBFC/JSZYet/K+JuO0mLAXVVhb/6bQ=
cloud.google.com/go/optimization v1.6.7/go.mod h1:FREForRqqjTsJbElYyWSgb54WXUzTMTRyjVT+Tl80v8=
cloud.google.com/go/orchestration v1.9.4/go.mod h1:jk5hczI8Tciq+WCkN32GpjWJs67GSmAA0XHFUlELJLw=
cloud.google.com/go/orgpolicy v1.12.5/go.mod h1:f778/jOHKp6cP6NbbQgjy4SDfQf6BoVGiSWdxky3ONQ=
cloud.google.com/go/osconfig v1.13.0/go.mod h1:tlACnQi1rtSLnHRYzfw9SH9zXs0M7S1jqiW2EOCn2Y0=
cloud.google.com/go/oslogin v1.13.5/go.mod h1:V+QzBAbZBZJq9CmTyzKrh3rpMiWIr1OBn6RL4mMVWXI=
cloud.google.com/go/phishingprotection v0.8.9/go.mod h1:xNojFKIdq+hNGNpOZOEGVGA4Mdhm2yByMli2Ni/RV0w=
cloud.google.com/go/policytroubleshooter v1.10.7/go.mod h1:/JxxZOSCT8nASvH/SP4Bj81EnDFwZhFThG7mgVWIoPY=
cloud.google.com/go/privatecatalog v0.9.9/go.mod h1:attFfOEf8ECrCuCdT3WYY8wyMKRZt4iB1bEWYFzPn50=
cloud.google.com/go/pubsub v1.40.0/go.mod h1:BVJI4sI2FyXp36KFKvFwcfDRDfR8MiLT8mMhmIhdAeA=
cloud.google.com/go/pubsublite v1.8.2/go.mod h1:4r8GSa9NznExjuLPEJlF1VjOPOpgf3IT6k8x/YgaOPI=
cloud.google.com/go/recaptchaenterprise/v2 v2.14.0/go.mod h1:pwC/eCyXq37YV3NSaiJsfOmuoTDkzURnVKAWGSkjDUY=
cloud.google.com/go/recommendationengine v0.8.9/go.mod h1:QgE5f6s20QhCXf4UR9KMI/Q6Spykd2zEYXX2oBz6Cbs=
cloud.google.com/go/recommender v1.12.5/go.mod h1:ggh5JNuG5ajpRqqcEkgni/DjpS7x12ktO+Edu8bmCJM=
cloud.google.com/go/redis v1.16.2/go.mod h1:bn/4nXSZkoH4QTXRjqWR2AZ0WA1b13ct354nul2SSiU=
cloud.google.com/go/resourcemanager v1.9.9/go.mod h1:vCBRKurJv+XVvRZ0XFhI/eBrBM7uBOPFjMEwSDMIflY=
cloud.google.com/go/resourcesettings v1.7.2/go.mod h1:mNdB5Wl9/oVr9Da3OrEstSyXCT949ignvO6ZrmYdmGU=
cloud.google.com/go/retail v1.17.2/go.mod h1:Ad6D8tkDZatI1X7szhhYWiatZmH6nSUfZ3WeCECyA0E=
cloud.google.com/go/run v1.3.9/go.mod h1:Ep/xsiUt5ZOwNptGl1FBlHb+asAgqB+9RDJKBa/c1mI=
cloud.google.com/go/scheduler v1.10.10/go.mod h1:nOLkchaee8EY0g73hpv613pfnrZwn/dU2URYjJbRLR0=
cloud.google.com/go/secretmanager v1.13.3/go.mod h1:e45+CxK0w6GaL4hS+KabgQskl4RdSS30b+HRf0TH0kk=
cloud.google.com/go/security v1.17.2/go.mod h1:6eqX/AgDw56KwguEBfFNiNQ+Vzi+V6+GopklexYuJ0U=
cloud.google.com/go/securitycenter v1.32.0/go.mod h1:s1dN6hM6HZyzUyJrqBoGvhxR/GecT5u48sidMIgDxTo=
cloud.google.com/go/servicedirectory v1.11.9/go.mod h1:qiDNuIS2qxuuroSmPNuXWxoFMvsEudKXP62Wos24BsU=
cloud.google.com/go/shell v1.7.9/go.mod h1:h3wVC6qaQ1nIlSWMasl1e/uwmepVbZpjSk/Bn7ZafSc=
cloud.google.com/go/spanner v1.64.0/go.mod h1:TOFx3pb2UwPsDGlE1gTehW+y6YlU4IFk+VdDHSGQS/M=
cloud.google.com/go/speech v1.23.3/go.mod h1:u7tK/jxhzRZwZ5Nujhau7iLI3+VfJKYhpoZTjU7hRsE=
cloud.google.com/go/storagetransfer v1.10.8/go.mod h1:fEGWYffkV9OYOKms8nxyJWIZA7iEWPl2Mybk6bpQnEk=
cloud.google.com/go/talent v1.6.10/go.mod h1:q2/qIb2Eb2svmeBfkCGIia/NGmkcScdyYSyNNOgFRLI=
cloud.google.com/go/texttospeech v1.7.9/go.mod h1:nuo7l7CVWUMvaTgswbn/hhn2Tv73/WbenqGyc236xpo=
cloud.google.com/go/tpu v1.6.9/go.mod h1:6C7Ed7Le5Y1vWGR+8lQWsh/gmqK6l53lgji0YXBU40o=
cloud.google.com/go/trace v1.10.9/go.mod h1:vtWRnvEh+d8h2xljwxVwsdxxpoWZkxcNYnJF3FuJUV8=
cloud.google.com/go/translate v1.10.5/go.mod h1:n9fFca4U/EKr2GzJKrnQXemlYhfo1mT1nSt7Rt4l/VA=
cloud.google.com/go/video v1.21.2/go.mod h1:UNXGQj3Hdyb70uaF9JeeM8Y8BAmAzLEMSWmyBKY2iVM=
cloud.google.com/go/videointelligence v1.11.9/go.mod h1:Mv0dgb6U12BfBRPj39nM/7gcAFS1+VVGpTiyMJ/ShPo=
cloud.google.com/go/vision/v2 v2.8.4/go.mod h1:qlmeVbmCfPNuD1Kwa7/evqCJYoJ7WhiZ2XeVSYwiOaA=
cloud.google.com/go/vmmigration v1.7.9/go.mod h1:x5LQyAESUXsI7/QAQY6BV8xEjIrlkGI+S+oau/Sb0Gs=
cloud.google.com/go/vmwareengine v1.1.5/go.mod h1:Js6QbSeC1OgpyygalCrMj90wa93O3kFgcs/u1YzCKsU=
cloud.google.com/go/vpcaccess v1.7.9/go.mod h1:Y0BlcnG9yTkoM6IL6auBeKvVEXL4LmNIxzscekrn/uk=
cloud.google.com/go/webrisk v1.9.9/go.mod h1:Wre67XdNQbt0LCBrvwVNBS5ORb8ssixq/u04CCZoO+k=
cloud.google.com/go/websecurityscanner v1.6.9/go.mod h1:xrMxPiHB5iFxvc2tqbfUr6inPox6q6y7Wg0LTyZOKTw=
cloud.google.com/go/workflows v1.12.8/go.mod h1:b7akG38W6lHmyPc+WYJxIYl1rEv79bBMYVwEZmp3aJQ=
github.com/BurntSushi/toml v1.4.0 h1:kuoIxZQy2WRRk1pttg9asf+WVv6tWQuBNVmK8+nqPr0=
github.com/BurntSushi/toml v1.4.0/go.mod h1:ukJfTF/6rtPPRCnwkur4qwRxa8vTRFBF0uk2lLoLwho=
github.com/alecthomas/kingpin/v2 v2.4.0/go.mod h1:0gyi0zQnjuFk8xrkNKamJoyUo382HRL7ATRpFZCw6tE=
github.com/alecthomas/units v0.0.0-20211218093645-b94a6e3cc137/go.mod h1:OMCwj8VM1Kc9e19TLln2VL61YJF0x1XFtfdL4JdbSyE=
github.com/andybalholm/brotli v1.1.0 h1:eLKJA0d02Lf0mVpIDgYnqXcUn0GqVmEFny3VuID1U3M=
github.com/andybalholm/brotli v1.1.0/go.mod h1:sms7XGricyQI9K10gOSf56VKKWS4oLer58Q+mhRPtnY=
github.com/antihax/optional v1.0.0/go.mod h1:uupD/76wgC+ih3iEmQUL+0Ugr19nfwCT1kdvxnR2qWY=
github.com/beorn7/perks v1.0.1 h1:VlbKKnNfV8bJzeqoa4cOKqO6bYr3WgKZxO8Z16+hsOM=
github.com/beorn7/perks v1.0.1/go.mod h1:G2ZrVWU2WbWT9wwq4/hrbKbnv/1ERSJQ0ibhJ6rlkpw=
github.com/cenkalti/backoff/v4 v4.3.0 h1:MyRJ/UdXutAwSAT+s3wNd7MfTIcy71VQueUuFK343L8=
github.com/cenkalti/backoff/v4 v4.3.0/go.mod h1:Y3VNntkOUPxTVeUxJ/G5vcM//AlwfmyYozVcomhLiZE=
github.com/census-instrumentation/opencensus-proto v0.4.1/go.mod h1:4T9NM4+4Vw91VeyqjLS6ao50K5bOcLKN6Q42XnYaRYw=
github.com/cespare/xxhash v1.1.0/go.mod h1:XrSqR1VqqWfGrhpAt58auRo0WTKS1nRRg3ghfAqPWnc=
github.com/cespare/xxhash/v2 v2.3.0 h1:UL815xU9SqsFlibzuggzjXhog7bL6oX9BbNZnL2UFvs=
github.com/cespare/xxhash/v2 v2.3.0/go.mod h1:VGX0DQ3Q6kWi7AoAeZDth3/j3BFtOZR5XLFGgcrjCOs=
github.com/cncf/xds/go v0.0.0-20240423153145-555b57ec207b/go.mod h1:W+zGtBO5Y1IgJhy4+A9GOqVhqLpfZi+vwmdNXUehLA8=
github.com/coreos/go-semver v0.3.1 h1:yi21YpKnrx1gt5R+la8n5WgS0kCrsPp33dmEyHReZr4=
github.com/coreos/go-semver v0.3.1/go.mod h1:irMmmIw/7yzSRPWryHsK7EYSg09caPQL03VsM8rvUec=
github.com/coreos/go-systemd/v22 v22.5.0 h1:RrqgGjYQKalulkV8NGVIfkXQf6YYmOyiJKk8iXXhfZs=
github.com/coreos/go-systemd/v22 v22.5.0/go.mod h1:Y58oyj3AT4RCenI/lSvhwexgC+NSVTIJ3seZv2GcEnc=
github.com/davecgh/go-spew v1.1.0/go.mod h1:J7Y8YcW2NihsgmVo/mv3lAwl/skON4iLHjSsI+c5H38=
github.com/davecgh/go-spew v1.1.1 h1:vj9j/u1bqnvCEfJOwUhtlOARqs3+rkHYY13jYWTU97c=
github.com/davecgh/go-spew v1.1.1/go.mod h1:J7Y8YcW2NihsgmVo/mv3lAwl/skON4iLHjSsI+c5H38=
github.com/dustin/go-humanize v1.0.0 h1:VSnTsYCnlFHaM2/igO1h6X3HA71jcobQuxemgkq4zYo=
github.com/dustin/go-humanize v1.0.0/go.mod h1:HtrtbFcZ19U5GC7JDqmcUSB87Iq5E25KnS6fMYU6eOk=
github.com/envoyproxy/go-control-plane v0.12.0/go.mod h1:ZBTaoJ23lqITozF0M6G4/IragXCQKCnYbmlmtHvwRG0=
github.com/envoyproxy/protoc-gen-validate v1.0.4/go.mod h1:qys6tmnRsYrQqIhm2bvKZH4Blx/1gTIZ2UKVY1M+Yew=
github.com/frankban/quicktest v1.14.6 h1:7Xjx+VpznH+oBnejlPUj8oUpdxnVs4f8XU8WnHkI4W8=
github.com/frankban/quicktest v1.14.6/go.mod h1:4ptaffx2x8+WTWXmUCuVU6aPUX1/Mz7zb5vbUoiM6w0=
github.com/fsnotify/fsnotify v1.7.0 h1:8JEhPFa5W2WU7YfeZzPNqzMP6Lwt7L2715Ggo0nosvA=
github.com/fsnotify/fsnotify v1.7.0/go.mod h1:40Bi/Hjc2AVfZrqy+aj+yEI+/bRxZnMJyTJwOpGvigM=
github.com/go-kit/log v0.2.1/go.mod h1:NwTd00d/i8cPZ3xOwwiv2PO5MOcx78fFErGNcVmBjv0=
github.com/go-logfmt/logfmt v0.5.1/go.mod h1:WYhtIu8zTZfxdn5+rREduYbwxfcBr/Vr6KEVveWlfTs=
github.com/go-logr/logr v1.2.2/go.mod h1:jdQByPbusPIv2/zmleS9BjJVeZ6kBagPoEUsqbVz/1A=
github.com/go-logr/logr v1.4.2 h1:6pFjapn8bFcIbiKo3XT4j/BhANplGihG6tvd+8rYgrY=
github.com/go-logr/logr v1.4.2/go.mod h1:9T104GzyrTigFIr8wt5mBrctHMim0Nb2HLGrmQ40KvY=
github.com/go-logr/stdr v1.2.2 h1:hSWxHoqTgW2S2qGc0LTAI563KZ5YKYRhT3MFKZMbjag=
github.com/go-logr/stdr v1.2.2/go.mod h1:mMo/vtBO5dYbehREoey6XUKy/eSumjCCveDpRre4VKE=
github.com/go-ole/go-ole v1.2.6/go.mod h1:pprOEPIfldk/42T2oK7lQ4v4JSDwmV0As9GaiUsvbm0=
github.com/go-ole/go-ole v1.3.0 h1:Dt6ye7+vXGIKZ7Xtk4s6/xVdGDQynvom7xCFEdWr6uE=
github.com/go-ole/go-ole v1.3.0/go.mod h1:5LS6F96DhAwUc7C+1HLexzMXY1xGRSryjyPPKW6zv78=
github.com/go-playground/assert/v2 v2.0.1 h1:MsBgLAaY856+nPRTKrp3/OZK38U/wa0CcBYNjji3q3A=
github.com/go-playground/assert/v2 v2.0.1/go.mod h1:VDjEfimB/XKnb+ZQfWdccd7VUvScMdVu0Titje2rxJ4=
github.com/go-playground/form/v4 v4.2.1 h1:HjdRDKO0fftVMU5epjPW2SOREcZ6/wLUzEobqUGJuPw=
github.com/go-playground/form/v4 v4.2.1/go.mod h1:q1a2BY+AQUUzhl6xA/6hBetay6dEIhMHjgvJiGo6K7U=
github.com/godbus/dbus/v5 v5.0.4/go.mod h1:xhWf0FNVPg57R7Z0UbKHbJfkEywrmjJnf7w5xrFpKfA=
github.com/gogo/protobuf v1.3.2 h1:Ov1cvc58UF3b5XjBnZv7+opcTcQFZebYjWzi34vdm4Q=
github.com/gogo/protobuf v1.3.2/go.mod h1:P1XiOD3dCwIKUDQYPy72D8LYyHL2YPYrpS2s69NZV8Q=
github.com/golang-jwt/jwt/v4 v4.4.2 h1:rcc4lwaZgFMCZ5jxF9ABolDcIHdBytAFgqFPbSJQAYs=
github.com/golang-jwt/jwt/v4 v4.4.2/go.mod h1:m21LjoU+eqJr34lmDMbreY2eSTRJ1cv77w39/MY0Ch0=
github.com/golang/glog v1.2.1/go.mod h1:6AhwSGph0fcJtXVM/PEHPqZlFeoLxhs7/t5UDAwmO+w=
github.com/golang/mock v1.4.4 h1:l75CXGRSwbaYNpl/Z2X1XIIAMSCquvXgpVZDhwEIJsc=
github.com/golang/mock v1.4.4/go.mod h1:l3mdAwkq5BuhzHwde/uurv3sEJeZMXNpwsxVWU71h+4=
github.com/golang/protobuf v1.5.0/go.mod h1:FsONVRAS9T7sI+LIUmWTfcYkHO4aIWwzhcaSAoJOfIk=
github.com/golang/protobuf v1.5.4 h1:i7eJL8qZTpSEXOPTxNKhASYpMn+8e5Q6AdndVa1dWek=
github.com/golang/protobuf v1.5.4/go.mod h1:lnTiLA8Wa4RWRcIUkrtSVa5nRhsEGBg48fD6rSs7xps=
github.com/golang/snappy v0.0.4 h1:yAGX7huGHXlcLOEtBnF4w7FQwA26wojNCwOYAEhLjQM=
github.com/golang/snappy v0.0.4/go.mod h1:/XxbfmMg8lxefKM7IXC3fBNl/7bRcc72aCRzEWrmP2Q=
github.com/google/btree v1.0.1 h1:gK4Kx5IaGY9CD5sPJ36FHiBJ6ZXl0kilRiiCj+jdYp4=
github.com/google/btree v1.0.1/go.mod h1:xXMiIv4Fb/0kKde4SpL7qlzvu5cMJDRkFDxJfI9uaxA=
github.com/google/flatbuffers v24.3.25+incompatible h1:CX395cjN9Kke9mmalRoL3d81AtFUxJM+yDthflgJGkI=
github.com/google/flatbuffers v24.3.25+incompatible/go.mod h1:1AeVuKshWv4vARoZatz6mlQ0JxURH0Kv5+zNeJKJCa8=
github.com/google/go-cmp v0.5.5/go.mod h1:v8dTdLbMG2kIc/vJvl+f65V22dbkXbowE6jgT/gNBxE=
github.com/google/go-cmp v0.6.0 h1:ofyhxvXcZhMsU5ulbFiLKl/XBFqE1GSq7atu8tAmTRI=
github.com/google/go-cmp v0.6.0/go.mod h1:17dUlkBOakJ0+DkrSSNjCkIjxS6bF9zb3elmeNGIjoY=
github.com/google/gofuzz v1.0.0/go.mod h1:dBl0BpW6vV/+mYPU4Po3pmUjxk6FQPldtuIdl/M65Eg=
github.com/google/uuid v1.6.0 h1:NIvaJDMOsjHA8n1jAhLSgzrAzy1Hgr+hNrb57e+94F0=
github.com/google/uuid v1.6.0/go.mod h1:TIyPZe4MgqvfeYDBFedMoGGpEw/LqOeaOT+nhxU+yHo=
github.com/gorilla/websocket v1.4.2 h1:+/TMaTYc4QFitKJxsQ7Yye35DkWvkdLcvGKqM+x0Ufc=
github.com/gorilla/websocket v1.4.2/go.mod h1:YR8l580nyteQvAITg2hZ9XVh4b55+EU/adAjf1fMHhE=
github.com/grpc-ecosystem/go-grpc-middleware v1.3.0 h1:+9834+KizmvFV7pXQGSXQTsaWhq2GjuNUt0aUU0YBYw=
github.com/grpc-ecosystem/go-grpc-middleware v1.3.0/go.mod h1:z0ButlSOZa5vEBq9m2m2hlwIgKw+rp3sdCBRoJY+30Y=
github.com/grpc-ecosystem/go-grpc-prometheus v1.2.0 h1:Ovs26xHkKqVztRpIrF/92BcuyuQ/YW4NSIpoGtfXNho=
github.com/grpc-ecosystem/go-grpc-prometheus v1.2.0/go.mod h1:8NvIoxWQoOIhqOTXgfV/d3M/q6VIi02HzZEHgUlZvzk=
github.com/grpc-ecosystem/grpc-gateway v1.16.0 h1:gmcG1KaJ57LophUzW0Hy8NmPhnMZb4M0+kPpLofRdBo=
github.com/grpc-ecosystem/grpc-gateway v1.16.0/go.mod h1:BDjrQk3hbvj6Nolgz8mAMFbcEtjT1g+wF4CSlocrBnw=
github.com/grpc-ecosystem/grpc-gateway/v2 v2.20.0 h1:bkypFPDjIYGfCYD5mRBvpqxfYX1YCS1PXdKYWi8FsN0=
github.com/grpc-ecosystem/grpc-gateway/v2 v2.20.0/go.mod h1:P+Lt/0by1T8bfcF3z737NnSbmxQAppXMRziHUxPOC8k=
github.com/guillermo/go.procmeminfo v0.0.0-20131127224636-be4355a9fb0e h1:/6/OurM62Ddm8CR8PveE0a+ql2mL+ycAhOwd563kpdg=
github.com/guillermo/go.procmeminfo v0.0.0-20131127224636-be4355a9fb0e/go.mod h1:TQrLAmkOSnZ4g1eFORtCfTEbFuVZD0Zm55vdnrilBaw=
github.com/hashicorp/errwrap v1.0.0/go.mod h1:YH+1FKiLXxHSkmPseP+kNlulaMuP3n2brvKWEqk/Jc4=
github.com/hashicorp/errwrap v1.1.0 h1:OxrOeh75EUXMY8TBjag2fzXGZ40LB6IKw45YeGUDY2I=
github.com/hashicorp/errwrap v1.1.0/go.mod h1:YH+1FKiLXxHSkmPseP+kNlulaMuP3n2brvKWEqk/Jc4=
github.com/hashicorp/go-multierror v1.1.1 h1:H5DkEtf6CXdFp0N0Em5UCwQpXMWke8IA0+lD48awMYo=
github.com/hashicorp/go-multierror v1.1.1/go.mod h1:iw975J/qwKPdAO1clOe2L8331t/9/fmwbPZ6JB6eMoM=
github.com/jonboulle/clockwork v0.2.2 h1:UOGuzwb1PwsrDAObMuhUnj0p5ULPj8V/xJ7Kx9qUBdQ=
github.com/jonboulle/clockwork v0.2.2/go.mod h1:Pkfl5aHPm1nk2H9h0bjmnJD/BcgbGXUBGnn1kMkgxc8=
github.com/jpillora/backoff v1.0.0/go.mod h1:J/6gKK9jxlEcS3zixgDgUAsiuZ7yrSoa/FX5e0EB2j4=
github.com/json-iterator/go v1.1.12 h1:PV8peI4a0ysnczrg+LtxykD8LfKY9ML6u2jnxaEnrnM=
github.com/json-iterator/go v1.1.12/go.mod h1:e30LSqwooZae/UwlEbR2852Gd8hjQvJoHmT4TnhNGBo=
github.com/julienschmidt/httprouter v1.3.0/go.mod h1:JR6WtHb+2LUe8TCKY3cZOxFyyO8IZAc4RVcycCCAKdM=
github.com/kisielk/errcheck v1.5.0/go.mod h1:pFxgyoBC7bSaBwPgfKdkLd5X25qrDl4LWUI2bnpBCr8=
github.com/kisielk/gotool v1.0.0/go.mod h1:XhKaO+MFFWcvkIS/tQcRk01m1F5IRFswLeQ+oQHNcck=
github.com/klauspost/compress v1.17.9 h1:6KIumPrER1LHsvBVuDa0r5xaG0Es51mhhB9BQB2qeMA=
github.com/klauspost/compress v1.17.9/go.mod h1:Di0epgTjJY877eYKx5yC51cX2A2Vl2ibi7bDH9ttBbw=
github.com/kr/pretty v0.3.1 h1:flRD4NNwYAUpkphVc1HcthR4KEIFJ65n8Mw5qdRn3LE=
github.com/kr/pretty v0.3.1/go.mod h1:hoEshYVHaxMs3cyo3Yncou5ZscifuDolrwPKZanG3xk=
github.com/kr/text v0.2.0 h1:5Nx0Ya0ZqY2ygV366QzturHI13Jq95ApcVaJBhpS+AY=
github.com/kr/text v0.2.0/go.mod h1:eLer722TekiGuMkidMxC/pM04lWEeraHUUmBw8l2grE=
github.com/lestrrat-go/envload v0.0.0-20180220234015-a3eb8ddeffcc h1:RKf14vYWi2ttpEmkA4aQ3j4u9dStX2t4M8UM6qqNsG8=
github.com/lestrrat-go/envload v0.0.0-20180220234015-a3eb8ddeffcc/go.mod h1:kopuH9ugFRkIXf3YoqHKyrJ9YfUFsckUU9S7B+XP+is=
github.com/lestrrat-go/strftime v1.0.6 h1:CFGsDEt1pOpFNU+TJB0nhz9jl+K0hZSLE205AhTIGQQ=
github.com/lestrrat-go/strftime v1.0.6/go.mod h1:f7jQKgV5nnJpYgdEasS+/y7EsTb8ykN2z68n3TtcTaw=
github.com/lufia/plan9stats v0.0.0-20240513124658-fba389f38bae h1:dIZY4ULFcto4tAFlj1FYZl8ztUZ13bdq+PLY+NOfbyI=
github.com/lufia/plan9stats v0.0.0-20240513124658-fba389f38bae/go.mod h1:ilwx/Dta8jXAgpFYFvSWEMwxmbWXyiUHkd5FwyKhb5k=
github.com/matttproud/golang_protobuf_extensions v1.0.2-0.20181231171920-c182affec369/go.mod h1:BSXmuO+STAnVfrANrmjBb36TMTDstsz7MSK+HVaYKv4=
github.com/mitchellh/mapstructure v1.5.0 h1:jeMsZIYE/09sWLaz43PL7Gy6RuMjD2eJVyuac5Z2hdY=
github.com/mitchellh/mapstructure v1.5.0/go.mod h1:bFUtVrKA4DC2yAKiSyO/QUcy7e+RRV2QTWOzhPopBRo=
github.com/modern-go/concurrent v0.0.0-20180228061459-e0a39a4cb421/go.mod h1:6dJC0mAP4ikYIbvyc7fijjWJddQyLn8Ig3JB5CqoB9Q=
github.com/modern-go/concurrent v0.0.0-20180306012644-bacd9c7ef1dd h1:TRLaZ9cD/w8PVh93nsPXa1VrQ6jlwL5oN8l14QlcNfg=
github.com/modern-go/concurrent v0.0.0-20180306012644-bacd9c7ef1dd/go.mod h1:6dJC0mAP4ikYIbvyc7fijjWJddQyLn8Ig3JB5CqoB9Q=
github.com/modern-go/reflect2 v1.0.2 h1:xBagoLtFs94CBntxluKeaWgTMpvLxC4ur3nMaC9Gz0M=
github.com/modern-go/reflect2 v1.0.2/go.mod h1:yWuevngMOJpCy52FWWMvUC8ws7m/LJsjYzDa0/r8luk=
github.com/mozillazg/go-pinyin v0.20.0 h1:BtR3DsxpApHfKReaPO1fCqF4pThRwH9uwvXzm+GnMFQ=
github.com/mozillazg/go-pinyin v0.20.0/go.mod h1:iR4EnMMRXkfpFVV5FMi4FNB6wGq9NV6uDWbUuPhP4Yc=
github.com/munnerz/goautoneg v0.0.0-20191010083416-a7dc8b61c822 h1:C3w9PqII01/Oq1c1nUAm88MOHcQC9l5mIlSMApZMrHA=
github.com/munnerz/goautoneg v0.0.0-20191010083416-a7dc8b61c822/go.mod h1:+n7T8mK8HuQTcFwEeznm/DIxMOiR9yIdICNftLE1DvQ=
github.com/mwitkow/go-conntrack v0.0.0-20190716064945-2f068394615f/go.mod h1:qRWi+5nqEBWmkhHvq77mSJWrCKwh8bxhgT7d/eI7P4U=
github.com/panjf2000/ants/v2 v2.10.0 h1:zhRg1pQUtkyRiOFo2Sbqwjp0GfBNo9cUY2/Grpx1p+8=
github.com/panjf2000/ants/v2 v2.10.0/go.mod h1:7ZxyxsqE4vvW0M7LSD8aI3cKwgFhBHbxnlN8mDqHa1I=
github.com/pkg/errors v0.9.1 h1:FEBLx1zS214owpjy7qsBeixbURkuhQAwrK5UwLGTwt4=
github.com/pkg/errors v0.9.1/go.mod h1:bwawxfHBFNV+L2hUp1rHADufV3IMtnDRdf1r5NINEl0=
github.com/pmezard/go-difflib v1.0.0 h1:4DBwDE0NGyQoBHbLQYPwSUPoCMWR5BEzIk/f1lZbAQM=
github.com/pmezard/go-difflib v1.0.0/go.mod h1:iKH77koFhYxTK1pcRnkKkqfTogsbg7gZNVY4sRDYZ/4=
github.com/power-devops/perfstat v0.0.0-20240221224432-82ca36839d55 h1:o4JXh1EVt9k/+g42oCprj/FisM4qX9L3sZB3upGN2ZU=
github.com/power-devops/perfstat v0.0.0-20240221224432-82ca36839d55/go.mod h1:OmDBASR4679mdNQnz2pUhc2G8CO2JrUAVFDRBDP/hJE=
github.com/prashantv/gostub v1.1.0 h1:BTyx3RfQjRHnUWaGF9oQos79AlQ5k8WNktv7VGvVH4g=
github.com/prashantv/gostub v1.1.0/go.mod h1:A5zLQHz7ieHGG7is6LLXLz7I8+3LZzsrV0P1IAHhP5U=
github.com/prometheus/client_golang v1.19.1 h1:wZWJDwK+NameRJuPGDhlnFgx8e8HN3XHQeLaYJFJBOE=
github.com/prometheus/client_golang v1.19.1/go.mod h1:mP78NwGzrVks5S2H6ab8+ZZGJLZUq1hoULYBAYBw1Ho=
github.com/prometheus/client_model v0.6.1 h1:ZKSh/rekM+n3CeS952MLRAdFwIKqeY8b62p8ais2e9E=
github.com/prometheus/client_model v0.6.1/go.mod h1:OrxVMOVHjw3lKMa8+x6HeMGkHMQyHDk9E3jmP2AmGiY=
github.com/prometheus/common v0.55.0 h1:KEi6DK7lXW/m7Ig5i47x0vRzuBsHuvJdi5ee6Y3G1dc=
github.com/prometheus/common v0.55.0/go.mod h1:2SECS4xJG1kd8XF9IcM1gMX6510RAEL65zxzNImwdc8=
github.com/prometheus/procfs v0.15.1 h1:YagwOFzUgYfKKHX6Dr+sHT7km/hxC76UB0learggepc=
github.com/prometheus/procfs v0.15.1/go.mod h1:fB45yRUv8NstnjriLhBQLuOUt+WW4BsoGhij/e3PBqk=
github.com/rogpeppe/fastuuid v1.2.0/go.mod h1:jVj6XXZzXRy/MSR5jhDC/2q6DgLz+nrA6LYCDYWNEvQ=
github.com/rogpeppe/go-internal v1.12.0 h1:exVL4IDcn6na9z1rAb56Vxr+CgyK3nn3O+epU5NdKM8=
github.com/rogpeppe/go-internal v1.12.0/go.mod h1:E+RYuTGaKKdloAfM02xzb0FW3Paa99yedzYV+kq4uf4=
github.com/shirou/gopsutil/v3 v3.24.5 h1:i0t8kL+kQTvpAYToeuiVk3TgDeKOFioZO3Ztz/iZ9pI=
github.com/shirou/gopsutil/v3 v3.24.5/go.mod h1:bsoOS1aStSs9ErQ1WWfxllSeS1K5D+U30r2NfcubMVk=
github.com/shoenig/go-m1cpu v0.1.6/go.mod h1:1JJMcUBvfNwpq05QDQVAnx3gUHr9IYF7GNg9SUEw2VQ=
github.com/shopspring/decimal v1.4.0 h1:bxl37RwXBklmTi0C79JfXCEBD1cqqHt0bbgBAGFp81k=
github.com/shopspring/decimal v1.4.0/go.mod h1:gawqmDU56v4yIKSwfBSFip1HdCCXN8/+DMd9qYNcwME=
github.com/sirupsen/logrus v1.7.0 h1:ShrD1U9pZB12TX0cVy0DtePoCH97K8EtX+mg7ZARUtM=
github.com/sirupsen/logrus v1.7.0/go.mod h1:yWOB1SBYBC5VeMP7gHvWumXLIWorT60ONWic61uBYv0=
github.com/soheilhy/cmux v0.1.5 h1:jjzc5WVemNEDTLwv9tlmemhC73tI08BNOIGwBOo10Js=
github.com/soheilhy/cmux v0.1.5/go.mod h1:T7TcVDs9LWfQgPlPsdngu6I6QIoyIFZDDC6sNE1GqG0=
github.com/spaolacci/murmur3 v1.1.0/go.mod h1:JwIasOWyU6f++ZhiEuf87xNszmSA2myDM2Kzu9HwQUA=
github.com/spf13/cast v1.6.0 h1:GEiTHELF+vaR5dhz3VqZfFSzZjYbgeKDpBxQVS4GYJ0=
github.com/spf13/cast v1.6.0/go.mod h1:ancEpBxwJDODSW/UG4rDrAqiKolqNNh2DX3mk86cAdo=
github.com/spf13/pflag v1.0.5 h1:iy+VFUOCP1a+8yFto/drg2CJ5u0yRoB7fZw3DKv/JXA=
github.com/spf13/pflag v1.0.5/go.mod h1:McXfInJRrz4CZXVZOBLb0bTZqETkiAhM9Iw0y3An2Bg=
github.com/stretchr/objx v0.1.0/go.mod h1:HFkY916IF+rwdDfMAkV7OtwuqBVzrE8GR6GFx+wExME=
github.com/stretchr/objx v0.4.0/go.mod h1:YvHI0jy2hoMjB+UWwv71VJQ9isScKT/TqJzVSSt89Yw=
github.com/stretchr/objx v0.5.0/go.mod h1:Yh+to48EsGEfYuaHDzXPcE3xhTkx73EhmCGUpEOglKo=
github.com/stretchr/testify v1.3.0/go.mod h1:M5WIy9Dh21IEIfnGCwXGc5bZfKNJtfHm1UVUgZn+9EI=
github.com/stretchr/testify v1.7.1/go.mod h1:6Fq8oRcR53rry900zMqJjRRixrwX3KX962/h/Wwjteg=
github.com/stretchr/testify v1.8.0/go.mod h1:yNjHg4UonilssWZ8iaSj1OCr/vHnekPRkoO+kdMU+MU=
github.com/stretchr/testify v1.8.2/go.mod h1:w2LPCIKwWwSfY2zedu0+kehJoqGctiVI29o6fzry7u4=
github.com/stretchr/testify v1.9.0 h1:HtqpIVDClZ4nwg75+f6Lvsy/wHu+3BoSGCbBAcpTsTg=
github.com/stretchr/testify v1.9.0/go.mod h1:r2ic/lqez/lEtzL7wO/rwa5dbSLXVDPFyf8C91i36aY=
github.com/tklauser/go-sysconf v0.3.14 h1:g5vzr9iPFFz24v2KZXs/pvpvh8/V9Fw6vQK5ZZb78yU=
github.com/tklauser/go-sysconf v0.3.14/go.mod h1:1ym4lWMLUOhuBOPGtRcJm7tEGX4SCYNEEEtghGG/8uY=
github.com/tklauser/numcpus v0.8.0 h1:Mx4Wwe/FjZLeQsK/6kt2EOepwwSl7SmJrK5bV/dXYgY=
github.com/tklauser/numcpus v0.8.0/go.mod h1:ZJZlAY+dmR4eut8epnzf0u/VwodKmryxR8txiloSqBE=
github.com/tmc/grpc-websocket-proxy v0.0.0-20201229170055-e5319fda7802 h1:uruHq4dN7GR16kFc5fp3d1RIYzJW5onx8Ybykw2YQFA=
github.com/tmc/grpc-websocket-proxy v0.0.0-20201229170055-e5319fda7802/go.mod h1:ncp9v5uamzpCO7NfCPTXjqaC+bZgJeR0sMTm6dMHP7U=
github.com/valyala/bytebufferpool v1.0.0 h1:GqA5TC/0021Y/b9FG4Oi9Mr3q7XYx6KllzawFIhcdPw=
github.com/valyala/bytebufferpool v1.0.0/go.mod h1:6bBcMArwyJ5K/AmCkWv1jt77kVWyCJ6HpOuEn7z0Csc=
github.com/valyala/fasthttp v1.55.0 h1:Zkefzgt6a7+bVKHnu/YaYSOPfNYNisSVBo/unVCf8k8=
github.com/valyala/fasthttp v1.55.0/go.mod h1:NkY9JtkrpPKmgwV3HTaS2HWaJss9RSIsRVfcxxoHiOM=
github.com/valyala/tcplisten v1.0.0/go.mod h1:T0xQ8SeCZGxckz9qRXTfG43PvQ/mcWh7FwZEA7Ioqkc=
github.com/xhit/go-str2duration/v2 v2.1.0/go.mod h1:ohY8p+0f07DiV6Em5LKB0s2YpLtXVyJfNt1+BlmyAsU=
github.com/xiang90/probing v0.0.0-20190116061207-43a291ad63a2 h1:eY9dn8+vbi4tKz5Qo6v2eYzo7kUS51QINcR5jNpbZS8=
github.com/xiang90/probing v0.0.0-20190116061207-43a291ad63a2/go.mod h1:UETIi67q53MR2AWcXfiuqkDkRtnGDLqkBTpCHuJHxtU=
github.com/yuin/goldmark v1.1.27/go.mod h1:3hX8gzYuyVAZsxl0MRgGTJEmQBFcNTphYh9decYSb74=
github.com/yuin/goldmark v1.2.1/go.mod h1:3hX8gzYuyVAZsxl0MRgGTJEmQBFcNTphYh9decYSb74=
github.com/yusufpapurcu/wmi v1.2.4 h1:zFUKzehAFReQwLys1b/iSMl+JQGSCSjtVqQn9bBrPo0=
github.com/yusufpapurcu/wmi v1.2.4/go.mod h1:SBZ9tNy3G9/m5Oi98Zks0QjeHVDvuK0qfxQmPyzfmi0=
go.etcd.io/bbolt v1.3.7 h1:j+zJOnnEjF/kyHlDDgGnVL/AIqIJPq8UoB2GSNfkUfQ=
go.etcd.io/bbolt v1.3.7/go.mod h1:N9Mkw9X8x5fupy0IKsmuqVtoGDyxsaDlbk4Rd05IAQw=
go.etcd.io/etcd/api/v3 v3.5.15 h1:3KpLJir1ZEBrYuV2v+Twaa/e2MdDCEZ/70H+lzEiwsk=
go.etcd.io/etcd/api/v3 v3.5.15/go.mod h1:N9EhGzXq58WuMllgH9ZvnEr7SI9pS0k0+DHZezGp7jM=
go.etcd.io/etcd/client/pkg/v3 v3.5.15 h1:fo0HpWz/KlHGMCC+YejpiCmyWDEuIpnTDzpJLB5fWlA=
go.etcd.io/etcd/client/pkg/v3 v3.5.15/go.mod h1:mXDI4NAOwEiszrHCb0aqfAYNCrZP4e9hRca3d1YK8EU=
go.etcd.io/etcd/client/v2 v2.305.9 h1:YZ2OLi0OvR0H75AcgSUajjd5uqKDKocQUqROTG11jIo=
go.etcd.io/etcd/client/v2 v2.305.9/go.mod h1:0NBdNx9wbxtEQLwAQtrDHwx58m02vXpDcgSYI2seohQ=
go.etcd.io/etcd/client/v3 v3.5.15 h1:23M0eY4Fd/inNv1ZfU3AxrbbOdW79r9V9Rl62Nm6ip4=
go.etcd.io/etcd/client/v3 v3.5.15/go.mod h1:CLSJxrYjvLtHsrPKsy7LmZEE+DK2ktfd2bN4RhBMwlU=
go.etcd.io/etcd/pkg/v3 v3.5.9 h1:6R2jg/aWd/zB9+9JxmijDKStGJAPFsX3e6BeJkMi6eQ=
go.etcd.io/etcd/pkg/v3 v3.5.9/go.mod h1:BZl0SAShQFk0IpLWR78T/+pyt8AruMHhTNNX73hkNVY=
go.etcd.io/etcd/raft/v3 v3.5.9 h1:ZZ1GIHoUlHsn0QVqiRysAm3/81Xx7+i2d7nSdWxlOiI=
go.etcd.io/etcd/raft/v3 v3.5.9/go.mod h1:WnFkqzFdZua4LVlVXQEGhmooLeyS7mqzS4Pf4BCVqXg=
go.etcd.io/etcd/server/v3 v3.5.9 h1:vomEmmxeztLtS5OEH7d0hBAg4cjVIu9wXuNzUZx2ZA0=
go.etcd.io/etcd/server/v3 v3.5.9/go.mod h1:GgI1fQClQCFIzuVjlvdbMxNbnISt90gdfYyqiAIt65g=
go.opentelemetry.io/contrib/instrumentation/google.golang.org/grpc/otelgrpc v0.25.0 h1:Wx7nFnvCaissIUZxPkBqDz2963Z+Cl+PkYbDKzTxDqQ=
go.opentelemetry.io/contrib/instrumentation/google.golang.org/grpc/otelgrpc v0.25.0/go.mod h1:E5NNboN0UqSAki0Atn9kVwaN7I+l25gGxDqBueo/74E=
go.opentelemetry.io/contrib/zpages v0.53.0 h1:hGgaJ3nrescxEk383gOBHA5gNfoquHs8oV/XcKYxJkw=
go.opentelemetry.io/contrib/zpages v0.53.0/go.mod h1:iOo8fpUxMAu5+4x9DSEQeUOCeY19KaN6v2OPSeIggz4=
go.opentelemetry.io/otel v1.28.0 h1:/SqNcYk+idO0CxKEUOtKQClMK/MimZihKYMruSMViUo=
go.opentelemetry.io/otel v1.28.0/go.mod h1:q68ijF8Fc8CnMHKyzqL6akLO46ePnjkgfIMIjUIX9z4=
go.opentelemetry.io/otel/exporters/otlp/internal/retry v1.16.0/go.mod h1:vLarbg68dH2Wa77g71zmKQqlQ8+8Rq3GRG31uc0WcWI=
go.opentelemetry.io/otel/exporters/otlp/otlpmetric v0.39.0/go.mod h1:UqL5mZ3qs6XYhDnZaW1Ps4upD+PX6LipH40AoeuIlwU=
go.opentelemetry.io/otel/exporters/otlp/otlpmetric/otlpmetricgrpc v1.28.0 h1:U2guen0GhqH8o/G2un8f/aG/y++OuW6MyCo6hT9prXk=
go.opentelemetry.io/otel/exporters/otlp/otlpmetric/otlpmetricgrpc v1.28.0/go.mod h1:yeGZANgEcpdx/WK0IvvRFC+2oLiMS2u4L/0Rj2M2Qr0=
go.opentelemetry.io/otel/exporters/otlp/otlpmetric/otlpmetrichttp v1.28.0 h1:aLmmtjRke7LPDQ3lvpFz+kNEH43faFhzW7v8BFIEydg=
go.opentelemetry.io/otel/exporters/otlp/otlpmetric/otlpmetrichttp v1.28.0/go.mod h1:TC1pyCt6G9Sjb4bQpShH+P5R53pO6ZuGnHuuln9xMeE=
go.opentelemetry.io/otel/exporters/otlp/otlptrace v1.28.0 h1:3Q/xZUyC1BBkualc9ROb4G8qkH90LXEIICcs5zv1OYY=
go.opentelemetry.io/otel/exporters/otlp/otlptrace v1.28.0/go.mod h1:s75jGIWA9OfCMzF0xr+ZgfrB5FEbbV7UuYo32ahUiFI=
go.opentelemetry.io/otel/exporters/otlp/otlptrace/otlptracegrpc v1.28.0 h1:R3X6ZXmNPRR8ul6i3WgFURCHzaXjHdm0karRG/+dj3s=
go.opentelemetry.io/otel/exporters/otlp/otlptrace/otlptracegrpc v1.28.0/go.mod h1:QWFXnDavXWwMx2EEcZsf3yxgEKAqsxQ+Syjp+seyInw=
go.opentelemetry.io/otel/exporters/otlp/otlptrace/otlptracehttp v1.28.0 h1:j9+03ymgYhPKmeXGk5Zu+cIZOlVzd9Zv7QIiyItjFBU=
go.opentelemetry.io/otel/exporters/otlp/otlptrace/otlptracehttp v1.28.0/go.mod h1:Y5+XiUG4Emn1hTfciPzGPJaSI+RpDts6BnCIir0SLqk=
go.opentelemetry.io/otel/metric v1.28.0 h1:f0HGvSl1KRAU1DLgLGFjrwVyismPlnuU6JD6bOeuA5Q=
go.opentelemetry.io/otel/metric v1.28.0/go.mod h1:Fb1eVBFZmLVTMb6PPohq3TO9IIhUisDsbJoL/+uQW4s=
go.opentelemetry.io/otel/sdk v1.28.0 h1:b9d7hIry8yZsgtbmM0DKyPWMMUMlK9NEKuIG4aBqWyE=
go.opentelemetry.io/otel/sdk v1.28.0/go.mod h1:oYj7ClPUA7Iw3m+r7GeEjz0qckQRJK2B8zjcZEfu7Pg=
go.opentelemetry.io/otel/sdk/metric v1.28.0 h1:OkuaKgKrgAbYrrY0t92c+cC+2F6hsFNnCQArXCKlg08=
go.opentelemetry.io/otel/sdk/metric v1.28.0/go.mod h1:cWPjykihLAPvXKi4iZc1dpER3Jdq2Z0YLse3moQUCpg=
go.opentelemetry.io/otel/trace v1.28.0 h1:GhQ9cUuQGmNDd5BTCP2dAvv75RdMxEfTmYejp+lkx9g=
go.opentelemetry.io/otel/trace v1.28.0/go.mod h1:jPyXzNPg6da9+38HEwElrQiHlVMTnVfM3/yv2OlIHaI=
go.opentelemetry.io/proto/otlp v1.3.1 h1:TrMUixzpM0yuc/znrFTP9MMRh8trP93mkCiDVeXrui0=
go.opentelemetry.io/proto/otlp v1.3.1/go.mod h1:0X1WI4de4ZsLrrJNLAQbFeLCm3T7yBkR0XqQ7niQU+8=
go.uber.org/atomic v1.11.0 h1:ZvwS0R+56ePWxUNi+Atn9dWONBPp/AUETXlHW0DxSjE=
go.uber.org/atomic v1.11.0/go.mod h1:LUxbIzbOniOlMKjJjyPfpl4v+PKK2cNJn91OQbhoJI0=
go.uber.org/automaxprocs v1.5.3 h1:kWazyxZUrS3Gs4qUpbwo5kEIMGe/DAvi5Z4tl2NW4j8=
go.uber.org/automaxprocs v1.5.3/go.mod h1:eRbA25aqJrxAbsLO0xy5jVwPt7FQnRgjW+efnwa1WM0=
go.uber.org/goleak v1.3.0 h1:2K3zAYmnTNqV73imy9J1T3WC+gmCePx2hEGkimedGto=
go.uber.org/goleak v1.3.0/go.mod h1:CoHD4mav9JJNrW/WLlf7HGZPjdw8EucARQHekz1X6bE=
go.uber.org/multierr v1.11.0 h1:blXXJkSxSSfBVBlC76pxqeO+LN3aDfLQo+309xJstO0=
go.uber.org/multierr v1.11.0/go.mod h1:20+QtiLqy0Nd6FdQB9TLXag12DsQkrbs3htMFfDN80Y=
go.uber.org/zap v1.27.0 h1:aJMhYGrd5QSmlpLMr2MftRKl7t8J8PTZPA732ud/XR8=
go.uber.org/zap v1.27.0/go.mod h1:GB2qFLM7cTU87MWRP2mPIjqfIDnGu+VIO4V/SdhGo2E=
golang.org/x/crypto v0.0.0-20190308221718-c2843e01d9a2/go.mod h1:djNgcEr1/C05ACkg1iLfiJU5Ep61QUkGW8qpdssI0+w=
golang.org/x/crypto v0.0.0-20191011191535-87dc89f01550/go.mod h1:yigFU9vqHzYiE8UmvKecakEJjdnWj3jj499lnFckfCI=
golang.org/x/crypto v0.0.0-20200622213623-75b288015ac9/go.mod h1:LzIPMQfyMNhhGPhUkYOs5KpL4U8rLKemX1yGLhDgUto=
golang.org/x/crypto v0.25.0 h1:ypSNr+bnYL2YhwoMt2zPxHFmbAN1KZs/njMG3hxUp30=
golang.org/x/crypto v0.25.0/go.mod h1:T+wALwcMOSE0kXgUAnPAHqTLW+XHgcELELW8VaDgm/M=
golang.org/x/mod v0.2.0/go.mod h1:s0Qsj1ACt9ePp/hMypM3fl4fZqREWJwdYDEqhRiZZUA=
golang.org/x/mod v0.3.0/go.mod h1:s0Qsj1ACt9ePp/hMypM3fl4fZqREWJwdYDEqhRiZZUA=
golang.org/x/mod v0.17.0/go.mod h1:hTbmBsO62+eylJbnUtE2MGJUyE7QWk4xUqPFrRgJ+7c=
golang.org/x/net v0.0.0-20190404232315-eb5bcb51f2a3/go.mod h1:t9HGtf8HONx5eT2rtn7q6eTqICYqUVnKs3thJo3Qplg=
golang.org/x/net v0.0.0-20190620200207-3b0461eec859/go.mod h1:z5CRVTTTmAJ677TzLLGU+0bjPO0LkuOLi4/5GtJWs/s=
golang.org/x/net v0.0.0-20200226121028-0de0cce0169b/go.mod h1:z5CRVTTTmAJ677TzLLGU+0bjPO0LkuOLi4/5GtJWs/s=
golang.org/x/net v0.0.0-20201021035429-f5854403a974/go.mod h1:sp8m0HH+o8qH0wwXwYZr8TS3Oi6o0r6Gce1SSxlDquU=
golang.org/x/net v0.27.0 h1:5K3Njcw06/l2y9vpGCSdcxWOYHOUk3dVNGDXN+FvAys=
golang.org/x/net v0.27.0/go.mod h1:dDi0PyhWNoiUOrAS8uXv/vnScO4wnHQO4mj9fn/RytE=
golang.org/x/oauth2 v0.21.0/go.mod h1:XYTD2NtWslqkgxebSiOHnXEap4TF09sJSc7H1sXbhtI=
golang.org/x/sync v0.0.0-20190423024810-112230192c58/go.mod h1:RxMgew5VJxzue5/jJTE5uejpjVlOe/izrB70Jof72aM=
golang.org/x/sync v0.0.0-20190911185100-cd5d95a43a6e/go.mod h1:RxMgew5VJxzue5/jJTE5uejpjVlOe/izrB70Jof72aM=
golang.org/x/sync v0.0.0-20201020160332-67f06af15bc9/go.mod h1:RxMgew5VJxzue5/jJTE5uejpjVlOe/izrB70Jof72aM=
golang.org/x/sync v0.3.0/go.mod h1:FU7BRWz2tNW+3quACPkgCx/L+uEAv1htQ0V83Z9Rj+Y=
golang.org/x/sync v0.7.0 h1:YsImfSBoP9QPYL0xyKJPq0gcaJdG3rInoqxTWbfQu9M=
golang.org/x/sync v0.7.0/go.mod h1:Czt+wKu1gCyEFDUtn0jG5QVvpJ6rzVqr5aXyt9drQfk=
golang.org/x/sys v0.0.0-20190215142949-d0b11bdaac8a/go.mod h1:STP8DvDyc/dI5b8T5hshtkjS+E42TnysNCUPdjciGhY=
golang.org/x/sys v0.0.0-20190412213103-97732733099d/go.mod h1:h1NjWce9XRLGQEsW7wpKNCjG9DtNlClVuFLEZdDNbEs=
golang.org/x/sys v0.0.0-20190916202348-b4ddaad3f8a3/go.mod h1:h1NjWce9XRLGQEsW7wpKNCjG9DtNlClVuFLEZdDNbEs=
golang.org/x/sys v0.0.0-20200930185726-fdedc70b468f/go.mod h1:h1NjWce9XRLGQEsW7wpKNCjG9DtNlClVuFLEZdDNbEs=
golang.org/x/sys v0.0.0-20201204225414-ed752295db88/go.mod h1:h1NjWce9XRLGQEsW7wpKNCjG9DtNlClVuFLEZdDNbEs=
golang.org/x/sys v0.1.0/go.mod h1:oPkhp1MJrh7nUepCBck5+mAzfO9JrbApNNgaTdGDITg=
golang.org/x/sys v0.22.0 h1:RI27ohtqKCnwULzJLqkv897zojh5/DwS/ENaMzUOaWI=
golang.org/x/sys v0.22.0/go.mod h1:/VUhepiaJMQUp4+oa/7Zr1D23ma6VTLIYjOOTFZPUcA=
golang.org/x/term v0.22.0/go.mod h1:F3qCibpT5AMpCRfhfT53vVJwhLtIVHhB9XDjfFvnMI4=
golang.org/x/text v0.3.0/go.mod h1:NqM8EUOU14njkJ3fqMW+pc6Ldnwhi/IjpwHt7yyuwOQ=
golang.org/x/text v0.3.3/go.mod h1:5Zoc/QRtKVWzQhOtBMvqHzDpF6irO9z98xDceosuGiQ=
golang.org/x/text v0.16.0 h1:a94ExnEXNtEwYLGJSIUxnWoxoRz/ZcCsV63ROupILh4=
golang.org/x/text v0.16.0/go.mod h1:GhwF1Be+LQoKShO3cGOHzqOgRrGaYc9AvblQOmPVHnI=
golang.org/x/time v0.0.0-20210220033141-f8bda1e9f3ba h1:O8mE0/t419eoIwhTFpKVkHiTs/Igowgfkj25AcZrtiE=
golang.org/x/time v0.0.0-20210220033141-f8bda1e9f3ba/go.mod h1:tRJNPiyCQ0inRvYxbN9jk5I+vvW/OXSQhTDSoE431IQ=
golang.org/x/tools v0.0.0-20180917221912-90fa682c2a6e/go.mod h1:n7NCudcB/nEzxVGmLbDWY5pfWTLqBcC2KZ6jyYvM4mQ=
golang.org/x/tools v0.0.0-20191119224855-298f0cb1881e/go.mod h1:b+2E5dAYhXwXZwtnZ6UAqBI28+e2cm9otk0dWdXHAEo=
golang.org/x/tools v0.0.0-20200619180055-7c47624df98f/go.mod h1:EkVYQZoAsY45+roYkvgYkIh4xh/qjgUK9TdY2XT94GE=
golang.org/x/tools v0.0.0-20210106214847-113979e3529a/go.mod h1:emZCQorbCU4vsT4fOWvOPXz4eW1wZW4PmDk9uLelYpA=
golang.org/x/tools v0.21.1-0.20240508182429-e35e4ccd0d2d/go.mod h1:aiJjzUbINMkxbQROHiO6hDPo2LHcIPhhQsa9DLh0yGk=
golang.org/x/xerrors v0.0.0-20190717185122-a985d3407aa7/go.mod h1:I/5z698sn9Ka8TeJc9MKroUUfqBBauWjQqLJ2OPfmY0=
golang.org/x/xerrors v0.0.0-20191011141410-1b5146add898/go.mod h1:I/5z698sn9Ka8TeJc9MKroUUfqBBauWjQqLJ2OPfmY0=
golang.org/x/xerrors v0.0.0-20191204190536-9bdfabe68543/go.mod h1:I/5z698sn9Ka8TeJc9MKroUUfqBBauWjQqLJ2OPfmY0=
golang.org/x/xerrors v0.0.0-20200804184101-5ec99f83aff1/go.mod h1:I/5z698sn9Ka8TeJc9MKroUUfqBBauWjQqLJ2OPfmY0=
google.golang.org/appengine v1.6.7/go.mod h1:8WjMMxjGQR8xUklV/ARdw2HLXBOI7O7uCIDZVag1xfc=
google.golang.org/genproto v0.0.0-20240711142825-46eb208f015d h1:/hmn0Ku5kWij/kjGsrcJeC1T/MrJi2iNWwgAqrihFwc=
google.golang.org/genproto v0.0.0-20240711142825-46eb208f015d/go.mod h1:FfBgJBJg9GcpPvKIuHSZ/aE1g2ecGL74upMzGZjiGEY=
google.golang.org/genproto/googleapis/api v0.0.0-20240711142825-46eb208f015d h1:kHjw/5UfflP/L5EbledDrcG4C2597RtymmGRZvHiCuY=
google.golang.org/genproto/googleapis/api v0.0.0-20240711142825-46eb208f015d/go.mod h1:mw8MG/Qz5wfgYr6VqVCiZcHe/GJEfI+oGGDCohaVgB0=
google.golang.org/genproto/googleapis/rpc v0.0.0-20240711142825-46eb208f015d h1:JU0iKnSg02Gmb5ZdV8nYsKEKsP6o/FGVWTrw4i1DA9A=
google.golang.org/genproto/googleapis/rpc v0.0.0-20240711142825-46eb208f015d/go.mod h1:Ue6ibwXGpU+dqIcODieyLOcgj7z8+IcskoNIgZxtrFY=
google.golang.org/grpc v1.65.0 h1:bs/cUb4lp1G5iImFFd3u5ixQzweKizoZJAwBNLR42lc=
google.golang.org/grpc v1.65.0/go.mod h1:WgYC2ypjlB0EiQi6wdKixMqukr6lBc0Vo+oOgjrM5ZQ=
google.golang.org/protobuf v1.26.0-rc.1/go.mod h1:jlhhOSvTdKEhbULTjvd4ARK9grFBp09yW+WbY/TyQbw=
google.golang.org/protobuf v1.30.0/go.mod h1:HV8QOd/L58Z+nl8r43ehVNZIU/HEI6OcFqwMG9pJV4I=
google.golang.org/protobuf v1.34.2 h1:6xV6lTsCfpGD21XK49h7MhtcApnLqkfYgPcdHftf6hg=
google.golang.org/protobuf v1.34.2/go.mod h1:qYOHts0dSfpeUzUFpOMr/WGzszTmLH+DiWniOlNbLDw=
gopkg.in/check.v1 v0.0.0-20161208181325-20d25e280405/go.mod h1:Co6ibVJAznAaIkqp8huTwlJQCZ016jof/cbN4VW5Yz0=
gopkg.in/check.v1 v1.0.0-20201130134442-10cb98267c6c h1:Hei/4ADfdWqJk1ZMxUNpqntNwaWcugrBjAiHlqqRiVk=
gopkg.in/check.v1 v1.0.0-20201130134442-10cb98267c6c/go.mod h1:JHkPIbrfpd72SG/EVd6muEfDQjcINNoR0C8j2r3qZ4Q=
gopkg.in/natefinch/lumberjack.v2 v2.0.0 h1:1Lc07Kr7qY4U2YPouBjpCLxpiyxIVoxqXgkXLknAOE8=
gopkg.in/natefinch/lumberjack.v2 v2.0.0/go.mod h1:l0ndWWf7gzL7RNwBG7wST/UCcT4T24xpD6X8LsfU/+k=
gopkg.in/yaml.v2 v2.4.0 h1:D8xgwECY7CYvx+Y2n4sBz93Jn9JRvxdiyyo8CTfuKaY=
gopkg.in/yaml.v2 v2.4.0/go.mod h1:RDklbk79AGWmwhnvt/jBztapEOGDOx6ZbXqjP6csGnQ=
gopkg.in/yaml.v3 v3.0.0-20200313102051-9f266ea9e77c/go.mod h1:K4uyk7z7BCEPqu6E+C64Yfv1cQ7kz7rIZviUmN+EgEM=
gopkg.in/yaml.v3 v3.0.1 h1:fxVm/GzAzEWqLHuvctI91KS9hhNmmWOoWu0XTYJS7CA=
gopkg.in/yaml.v3 v3.0.1/go.mod h1:K4uyk7z7BCEPqu6E+C64Yfv1cQ7kz7rIZviUmN+EgEM=
sigs.k8s.io/yaml v1.2.0 h1:kr/MCeFWJWTwyaHoR9c8EjH9OumOmoF9YGiZd7lFm/Q=
sigs.k8s.io/yaml v1.2.0/go.mod h1:yfXDCHCao9+ENCvLSE62v9VSji2MKu5jeNfTrofGhJc=
trpc.group/trpc-go/tnet v1.0.1 h1:Yzqyrgyfm+W742FzGr39c4+OeQmLi7PWotJxrOBtV9o=
trpc.group/trpc-go/tnet v1.0.1/go.mod h1:s/webUFYWEFBHErKyFmj7LYC7XfC2LTLCcwfSnJ04M0=
trpc.group/trpc-go/trpc-go v1.0.3 h1:X4RhPmJOkVoK6EGKoV241dvEpB6EagBeyu3ZrqkYZQY=
trpc.group/trpc-go/trpc-go v1.0.3/go.mod h1:82O+G2rD5ST+JAPuPPSqvsr6UI59UxV27iAILSkAIlQ=
trpc.group/trpc-go/trpc-opentelemetry v1.0.2 h1:EtKNnFHEqTmHYh5FiZACL9jmczoJ0KjYdyNn7YNuMlU=
trpc.group/trpc-go/trpc-opentelemetry v1.0.2/go.mod h1:86R6gRcpJM0MnGRRDI5V9vcLupt26EycdszlnKaXwdM=
trpc.group/trpc-go/trpc-opentelemetry/oteltrpc v1.0.2 h1:DenZLjMwgULDbGD+jjxMX9f1APaQPDBML9p13nvfCio=
trpc.group/trpc-go/trpc-opentelemetry/oteltrpc v1.0.2/go.mod h1:C6Jyrfb5qr2EDC+ZcPOH3Zqt071GsI1/xryGLMV+M9k=
trpc.group/trpc/trpc-protocol/pb/go/trpc v1.0.0 h1:rMtHYzI0ElMJRxHtT5cD99SigFE6XzKK4PFtjcwokI0=
trpc.group/trpc/trpc-protocol/pb/go/trpc v1.0.0/go.mod h1:K+a1K/Gnlcg9BFHWx30vLBIEDhxODhl25gi1JjA54CQ=
